
Microsoft Visual Studio Solution File, Format Version 12.00
# Visual Studio Express 2013 for Windows Desktop
VisualStudioVersion = 12.0.21005.1
MinimumVisualStudioVersion = 10.0.40219.1
Project("{FAE04EC0-301F-11D3-BF4B-00C04F79EFBC}") = "Octo", "Octo\Octo\Octo.csproj", "{5EDF250F-0CDE-4128-8FD9-E21CB79E800A}"
EndProject
Project("{96E2B04D-8817-42C6-938A-82C39BA4D311}") = "OctoContent", "Octo\OctoContent\OctoContent.contentproj", "{04089548-C63A-4740-8301-0C1FD1A19833}"
EndProject
Global
	GlobalSection(SolutionConfigurationPlatforms) = preSolution
		Debug|x86 = Debug|x86
		Release|x86 = Release|x86
	EndGlobalSection
	GlobalSection(ProjectConfigurationPlatforms) = postSolution
		{5EDF250F-0CDE-4128-8FD9-E21CB79E800A}.Debug|x86.ActiveCfg = Debug|x86
		{5EDF250F-0CDE-4128-8FD9-E21CB79E800A}.Debug|x86.Build.0 = Debug|x86
		{5EDF250F-0CDE-4128-8FD9-E21CB79E800A}.Release|x86.ActiveCfg = Release|x86
		{5EDF250F-0CDE-4128-8FD9-E21CB79E800A}.Release|x86.Build.0 = Release|x86
		{04089548-C63A-4740-8301-0C1FD1A19833}.Debug|x86.ActiveCfg = Debug|x86
		{04089548-C63A-4740-8301-0C1FD1A19833}.Release|x86.ActiveCfg = Release|x86
	EndGlobalSection
	GlobalSection(SolutionProperties) = preSolution
		HideSolutionNode = FALSE
	EndGlobalSection
EndGlobal
